
Microsoft Visual Studio Solution File, Format Version 12.00
# Visual Studio Version 17
VisualStudioVersion = 17.5.33516.290
MinimumVisualStudioVersion = 10.0.40219.1
Project("{9A19103F-16F7-4668-BE54-9A1E7A4F7556}") = "RX1", "RX1\RX1.csproj", "{8BF6EF5B-5C9B-4034-BF33-ABA5B3CA828F}"
EndProject
Project("{9A19103F-16F7-4668-BE54-9A1E7A4F7556}") = "rx.core", "rx.core\rx.core.csproj", "{88A12E4B-03C9-4158-831B-1A1CC79C9066}"
EndProject
Project("{FAE04EC0-301F-11D3-BF4B-00C04F79EFBC}") = "Rx.Blazor", "Rx.Blazor\Rx.Blazor.csproj", "{15622391-ACBD-452A-9DD2-FE3BB7B15B00}"
EndProject
Global
	GlobalSection(SolutionConfigurationPlatforms) = preSolution
		Debug|Any CPU = Debug|Any CPU
		Release|Any CPU = Release|Any CPU
	EndGlobalSection
	GlobalSection(ProjectConfigurationPlatforms) = postSolution
		{8BF6EF5B-5C9B-4034-BF33-ABA5B3CA828F}.Debug|Any CPU.ActiveCfg = Debug|Any CPU
		{8BF6EF5B-5C9B-4034-BF33-ABA5B3CA828F}.Debug|Any CPU.Build.0 = Debug|Any CPU
		{8BF6EF5B-5C9B-4034-BF33-ABA5B3CA828F}.Release|Any CPU.ActiveCfg = Release|Any CPU
		{8BF6EF5B-5C9B-4034-BF33-ABA5B3CA828F}.Release|Any CPU.Build.0 = Release|Any CPU
		{88A12E4B-03C9-4158-831B-1A1CC79C9066}.Debug|Any CPU.ActiveCfg = Debug|Any CPU
		{88A12E4B-03C9-4158-831B-1A1CC79C9066}.Debug|Any CPU.Build.0 = Debug|Any CPU
		{88A12E4B-03C9-4158-831B-1A1CC79C9066}.Release|Any CPU.ActiveCfg = Release|Any CPU
		{88A12E4B-03C9-4158-831B-1A1CC79C9066}.Release|Any CPU.Build.0 = Release|Any CPU
		{15622391-ACBD-452A-9DD2-FE3BB7B15B00}.Debug|Any CPU.ActiveCfg = Debug|Any CPU
		{15622391-ACBD-452A-9DD2-FE3BB7B15B00}.Debug|Any CPU.Build.0 = Debug|Any CPU
		{15622391-ACBD-452A-9DD2-FE3BB7B15B00}.Release|Any CPU.ActiveCfg = Release|Any CPU
		{15622391-ACBD-452A-9DD2-FE3BB7B15B00}.Release|Any CPU.Build.0 = Release|Any CPU
	EndGlobalSection
	GlobalSection(SolutionProperties) = preSolution
		HideSolutionNode = FALSE
	EndGlobalSection
	GlobalSection(ExtensibilityGlobals) = postSolution
		SolutionGuid = {5821DDFD-0EBD-4E53-86ED-9D2B63D4981D}
	EndGlobalSection
EndGlobal
